
Microsoft Visual Studio Solution File, Format Version 12.00
# Visual Studio 15
VisualStudioVersion = 15.0.27428.2005
MinimumVisualStudioVersion = 10.0.40219.1
Project("{FAE04EC0-301F-11D3-BF4B-00C04F79EFBC}") = "OrangeMobileSelfhost", "OrangeMobileSelfhost\OrangeMobileSelfhost.csproj", "{5E2D065E-24D5-4CCC-AAFB-8977CE04B8BB}"
EndProject
Project("{FAE04EC0-301F-11D3-BF4B-00C04F79EFBC}") = "OrangeMobileWinForm", "OrangeMobileWinForm\OrangeMobileWinForm.csproj", "{8070B0B0-92DE-4B6B-9CC7-AB6DE262E484}"
EndProject
Project("{FAE04EC0-301F-11D3-BF4B-00C04F79EFBC}") = "Gallery3Selfhost", "D:\Projects\tired-software\ClassTutorial3\Gallery3Selfhost\Gallery3Selfhost.csproj", "{24F6055C-B824-4A33-BF92-C36329D43AAD}"
EndProject
Project("{FAE04EC0-301F-11D3-BF4B-00C04F79EFBC}") = "Gallery3WinForm", "D:\Projects\tired-software\ClassTutorial3\Gallery3WinForm\Gallery3WinForm.csproj", "{BE8A30BD-E71E-4F83-A944-D41A5578B149}"
EndProject
Project("{FAE04EC0-301F-11D3-BF4B-00C04F79EFBC}") = "Art Gallery 3 (Git) Master", "D:\Projects\tired-software\ClassTutorial3\Art Gallery 3 (Git) Master\Art Gallery 3 (Git) Master.csproj", "{6278A118-2037-42B7-8014-E9909ED38BEA}"
EndProject
Project("{FAE04EC0-301F-11D3-BF4B-00C04F79EFBC}") = "LionTravelers", "..\LionTravelers\LionTravelers\LionTravelers.csproj", "{6C42C9C0-DBA4-4CB7-995C-B7CA2EE484E7}"
EndProject
Global
	GlobalSection(SolutionConfigurationPlatforms) = preSolution
		Debug|Any CPU = Debug|Any CPU
		Release|Any CPU = Release|Any CPU
	EndGlobalSection
	GlobalSection(ProjectConfigurationPlatforms) = postSolution
		{5E2D065E-24D5-4CCC-AAFB-8977CE04B8BB}.Debug|Any CPU.ActiveCfg = Debug|Any CPU
		{5E2D065E-24D5-4CCC-AAFB-8977CE04B8BB}.Debug|Any CPU.Build.0 = Debug|Any CPU
		{5E2D065E-24D5-4CCC-AAFB-8977CE04B8BB}.Release|Any CPU.ActiveCfg = Release|Any CPU
		{5E2D065E-24D5-4CCC-AAFB-8977CE04B8BB}.Release|Any CPU.Build.0 = Release|Any CPU
		{8070B0B0-92DE-4B6B-9CC7-AB6DE262E484}.Debug|Any CPU.ActiveCfg = Debug|Any CPU
		{8070B0B0-92DE-4B6B-9CC7-AB6DE262E484}.Debug|Any CPU.Build.0 = Debug|Any CPU
		{8070B0B0-92DE-4B6B-9CC7-AB6DE262E484}.Release|Any CPU.ActiveCfg = Release|Any CPU
		{8070B0B0-92DE-4B6B-9CC7-AB6DE262E484}.Release|Any CPU.Build.0 = Release|Any CPU
		{24F6055C-B824-4A33-BF92-C36329D43AAD}.Debug|Any CPU.ActiveCfg = Debug|Any CPU
		{24F6055C-B824-4A33-BF92-C36329D43AAD}.Debug|Any CPU.Build.0 = Debug|Any CPU
		{24F6055C-B824-4A33-BF92-C36329D43AAD}.Release|Any CPU.ActiveCfg = Release|Any CPU
		{24F6055C-B824-4A33-BF92-C36329D43AAD}.Release|Any CPU.Build.0 = Release|Any CPU
		{BE8A30BD-E71E-4F83-A944-D41A5578B149}.Debug|Any CPU.ActiveCfg = Debug|Any CPU
		{BE8A30BD-E71E-4F83-A944-D41A5578B149}.Debug|Any CPU.Build.0 = Debug|Any CPU
		{BE8A30BD-E71E-4F83-A944-D41A5578B149}.Release|Any CPU.ActiveCfg = Release|Any CPU
		{BE8A30BD-E71E-4F83-A944-D41A5578B149}.Release|Any CPU.Build.0 = Release|Any CPU
		{6278A118-2037-42B7-8014-E9909ED38BEA}.Debug|Any CPU.ActiveCfg = Debug|Any CPU
		{6278A118-2037-42B7-8014-E9909ED38BEA}.Debug|Any CPU.Build.0 = Debug|Any CPU
		{6278A118-2037-42B7-8014-E9909ED38BEA}.Release|Any CPU.ActiveCfg = Release|Any CPU
		{6278A118-2037-42B7-8014-E9909ED38BEA}.Release|Any CPU.Build.0 = Release|Any CPU
		{6C42C9C0-DBA4-4CB7-995C-B7CA2EE484E7}.Debug|Any CPU.ActiveCfg = Debug|Any CPU
		{6C42C9C0-DBA4-4CB7-995C-B7CA2EE484E7}.Debug|Any CPU.Build.0 = Debug|Any CPU
		{6C42C9C0-DBA4-4CB7-995C-B7CA2EE484E7}.Release|Any CPU.ActiveCfg = Release|Any CPU
		{6C42C9C0-DBA4-4CB7-995C-B7CA2EE484E7}.Release|Any CPU.Build.0 = Release|Any CPU
	EndGlobalSection
	GlobalSection(SolutionProperties) = preSolution
		HideSolutionNode = FALSE
	EndGlobalSection
	GlobalSection(ExtensibilityGlobals) = postSolution
		SolutionGuid = {0CC489A7-EA31-4622-BAF0-5D3CDFC896C5}
	EndGlobalSection
EndGlobal
