
Microsoft Visual Studio Solution File, Format Version 12.00
# Visual Studio 15
VisualStudioVersion = 15.0.27428.2005
MinimumVisualStudioVersion = 10.0.40219.1
Project("{FAE04EC0-301F-11D3-BF4B-00C04F79EFBC}") = "OrangeMobileSelfhost", "OrangeMobileSelfhost\OrangeMobileSelfhost.csproj", "{5E2D065E-24D5-4CCC-AAFB-8977CE04B8BB}"
EndProject
Project("{FAE04EC0-301F-11D3-BF4B-00C04F79EFBC}") = "OrangeMobileWinForm", "OrangeMobileWinForm\OrangeMobileWinForm.csproj", "{8070B0B0-92DE-4B6B-9CC7-AB6DE262E484}"
EndProject
Global
	GlobalSection(SolutionConfigurationPlatforms) = preSolution
		Debug|Any CPU = Debug|Any CPU
		Release|Any CPU = Release|Any CPU
	EndGlobalSection
	GlobalSection(ProjectConfigurationPlatforms) = postSolution
		{5E2D065E-24D5-4CCC-AAFB-8977CE04B8BB}.Debug|Any CPU.ActiveCfg = Debug|Any CPU
		{5E2D065E-24D5-4CCC-AAFB-8977CE04B8BB}.Debug|Any CPU.Build.0 = Debug|Any CPU
		{5E2D065E-24D5-4CCC-AAFB-8977CE04B8BB}.Release|Any CPU.ActiveCfg = Release|Any CPU
		{5E2D065E-24D5-4CCC-AAFB-8977CE04B8BB}.Release|Any CPU.Build.0 = Release|Any CPU
		{8070B0B0-92DE-4B6B-9CC7-AB6DE262E484}.Debug|Any CPU.ActiveCfg = Debug|Any CPU
		{8070B0B0-92DE-4B6B-9CC7-AB6DE262E484}.Debug|Any CPU.Build.0 = Debug|Any CPU
		{8070B0B0-92DE-4B6B-9CC7-AB6DE262E484}.Release|Any CPU.ActiveCfg = Release|Any CPU
		{8070B0B0-92DE-4B6B-9CC7-AB6DE262E484}.Release|Any CPU.Build.0 = Release|Any CPU
	EndGlobalSection
	GlobalSection(SolutionProperties) = preSolution
		HideSolutionNode = FALSE
	EndGlobalSection
	GlobalSection(ExtensibilityGlobals) = postSolution
		SolutionGuid = {0CC489A7-EA31-4622-BAF0-5D3CDFC896C5}
	EndGlobalSection
EndGlobal
